
Microsoft Visual Studio Solution File, Format Version 12.00
# Visual Studio Version 17
VisualStudioVersion = 17.9.34902.65
MinimumVisualStudioVersion = 10.0.40219.1
Project("{FAE04EC0-301F-11D3-BF4B-00C04F79EFBC}") = "weaponStore", "weaponStore\weaponStore.csproj", "{7B00622B-9CE2-4284-B400-E52D58D44585}"
EndProject
Global
	GlobalSection(SolutionConfigurationPlatforms) = preSolution
		Debug|Any CPU = Debug|Any CPU
		Release|Any CPU = Release|Any CPU
	EndGlobalSection
	GlobalSection(ProjectConfigurationPlatforms) = postSolution
		{7B00622B-9CE2-4284-B400-E52D58D44585}.Debug|Any CPU.ActiveCfg = Debug|Any CPU
		{7B00622B-9CE2-4284-B400-E52D58D44585}.Debug|Any CPU.Build.0 = Debug|Any CPU
		{7B00622B-9CE2-4284-B400-E52D58D44585}.Release|Any CPU.ActiveCfg = Release|Any CPU
		{7B00622B-9CE2-4284-B400-E52D58D44585}.Release|Any CPU.Build.0 = Release|Any CPU
	EndGlobalSection
	GlobalSection(SolutionProperties) = preSolution
		HideSolutionNode = FALSE
	EndGlobalSection
	GlobalSection(ExtensibilityGlobals) = postSolution
		SolutionGuid = {8B16E465-FB75-4AC6-AEB9-F304AE8EE321}
	EndGlobalSection
EndGlobal
